
Microsoft Visual Studio Solution File, Format Version 12.00
# Visual Studio Version 16
VisualStudioVersion = 16.0.30523.141
MinimumVisualStudioVersion = 10.0.40219.1
Project("{FAE04EC0-301F-11D3-BF4B-00C04F79EFBC}") = "Mehno_Gavril_Lab6", "Mehno_Gavril_Lab6.csproj", "{367590FE-E58F-479D-90D1-AFCC990882A8}"
EndProject
Project("{FAE04EC0-301F-11D3-BF4B-00C04F79EFBC}") = "AutoLotModel", "AutoLotModel\AutoLotModel.csproj", "{7B733999-BA16-404A-8213-CCA0496667A4}"
EndProject
Global
	GlobalSection(SolutionConfigurationPlatforms) = preSolution
		Debug|Any CPU = Debug|Any CPU
		Release|Any CPU = Release|Any CPU
	EndGlobalSection
	GlobalSection(ProjectConfigurationPlatforms) = postSolution
		{367590FE-E58F-479D-90D1-AFCC990882A8}.Debug|Any CPU.ActiveCfg = Debug|Any CPU
		{367590FE-E58F-479D-90D1-AFCC990882A8}.Debug|Any CPU.Build.0 = Debug|Any CPU
		{367590FE-E58F-479D-90D1-AFCC990882A8}.Release|Any CPU.ActiveCfg = Release|Any CPU
		{367590FE-E58F-479D-90D1-AFCC990882A8}.Release|Any CPU.Build.0 = Release|Any CPU
		{7B733999-BA16-404A-8213-CCA0496667A4}.Debug|Any CPU.ActiveCfg = Debug|Any CPU
		{7B733999-BA16-404A-8213-CCA0496667A4}.Debug|Any CPU.Build.0 = Debug|Any CPU
		{7B733999-BA16-404A-8213-CCA0496667A4}.Release|Any CPU.ActiveCfg = Release|Any CPU
		{7B733999-BA16-404A-8213-CCA0496667A4}.Release|Any CPU.Build.0 = Release|Any CPU
	EndGlobalSection
	GlobalSection(SolutionProperties) = preSolution
		HideSolutionNode = FALSE
	EndGlobalSection
	GlobalSection(ExtensibilityGlobals) = postSolution
		SolutionGuid = {7C0AF1C7-BB2B-4D8D-8545-BA28B352EE9C}
	EndGlobalSection
EndGlobal
